
Microsoft Visual Studio Solution File, Format Version 12.00
# Visual Studio 16
Project("{FAE04EC0-301F-11D3-BF4B-00C04F79EFBC}") = "Dvs.Core", "Dvs.Core.csproj", "{B7F11547-D553-3C08-B4A5-D40CDEEC8A22}"
EndProject
Project("{FAE04EC0-301F-11D3-BF4B-00C04F79EFBC}") = "Assembly-CSharp", "Assembly-CSharp.csproj", "{4099DFBE-53CD-8BBA-93A7-B2A6676BAB28}"
EndProject
Project("{FAE04EC0-301F-11D3-BF4B-00C04F79EFBC}") = "Assembly-CSharp-Editor", "Assembly-CSharp-Editor.csproj", "{2C776210-D45D-2DBB-E145-7E30C9C0F008}"
EndProject
Global
	GlobalSection(SolutionConfigurationPlatforms) = preSolution
		Debug|Any CPU = Debug|Any CPU
		Release|Any CPU = Release|Any CPU
	EndGlobalSection
	GlobalSection(ProjectConfigurationPlatforms) = postSolution
		{B7F11547-D553-3C08-B4A5-D40CDEEC8A22}.Debug|Any CPU.ActiveCfg = Debug|Any CPU
		{B7F11547-D553-3C08-B4A5-D40CDEEC8A22}.Debug|Any CPU.Build.0 = Debug|Any CPU
		{B7F11547-D553-3C08-B4A5-D40CDEEC8A22}.Release|Any CPU.ActiveCfg = Release|Any CPU
		{B7F11547-D553-3C08-B4A5-D40CDEEC8A22}.Release|Any CPU.Build.0 = Release|Any CPU
		{4099DFBE-53CD-8BBA-93A7-B2A6676BAB28}.Debug|Any CPU.ActiveCfg = Debug|Any CPU
		{4099DFBE-53CD-8BBA-93A7-B2A6676BAB28}.Debug|Any CPU.Build.0 = Debug|Any CPU
		{4099DFBE-53CD-8BBA-93A7-B2A6676BAB28}.Release|Any CPU.ActiveCfg = Release|Any CPU
		{4099DFBE-53CD-8BBA-93A7-B2A6676BAB28}.Release|Any CPU.Build.0 = Release|Any CPU
		{2C776210-D45D-2DBB-E145-7E30C9C0F008}.Debug|Any CPU.ActiveCfg = Debug|Any CPU
		{2C776210-D45D-2DBB-E145-7E30C9C0F008}.Debug|Any CPU.Build.0 = Debug|Any CPU
		{2C776210-D45D-2DBB-E145-7E30C9C0F008}.Release|Any CPU.ActiveCfg = Release|Any CPU
		{2C776210-D45D-2DBB-E145-7E30C9C0F008}.Release|Any CPU.Build.0 = Release|Any CPU
	EndGlobalSection
	GlobalSection(SolutionProperties) = preSolution
		HideSolutionNode = FALSE
	EndGlobalSection
EndGlobal
